
Microsoft Visual Studio Solution File, Format Version 12.00
# Visual Studio 15
VisualStudioVersion = 15.0.27130.0
MinimumVisualStudioVersion = 10.0.40219.1
Project("{FAE04EC0-301F-11D3-BF4B-00C04F79EFBC}") = "week5Project", "week5Project\week5Project.csproj", "{ADF5412B-01B3-49CF-B66B-69E1A9C7CB9D}"
EndProject
Global
	GlobalSection(SolutionConfigurationPlatforms) = preSolution
		Debug|Any CPU = Debug|Any CPU
		Release|Any CPU = Release|Any CPU
	EndGlobalSection
	GlobalSection(ProjectConfigurationPlatforms) = postSolution
		{ADF5412B-01B3-49CF-B66B-69E1A9C7CB9D}.Debug|Any CPU.ActiveCfg = Debug|Any CPU
		{ADF5412B-01B3-49CF-B66B-69E1A9C7CB9D}.Debug|Any CPU.Build.0 = Debug|Any CPU
		{ADF5412B-01B3-49CF-B66B-69E1A9C7CB9D}.Release|Any CPU.ActiveCfg = Release|Any CPU
		{ADF5412B-01B3-49CF-B66B-69E1A9C7CB9D}.Release|Any CPU.Build.0 = Release|Any CPU
	EndGlobalSection
	GlobalSection(SolutionProperties) = preSolution
		HideSolutionNode = FALSE
	EndGlobalSection
	GlobalSection(ExtensibilityGlobals) = postSolution
		SolutionGuid = {D95B7F8F-AB6E-4C7E-98E2-62A773E4FE7C}
	EndGlobalSection
EndGlobal
